[[package]]
name = "anyio"
version = "3.6.2"
description = "High level compatibility layer for multiple asynchronous event loop implementations"
category = "main"
optional = false
python-versions = ">=3.6.2"

[package.dependencies]
idna = ">=2.8"
sniffio = ">=1.1"

[package.extras]
doc = ["packaging", "sphinx-autodoc-typehints (>=1.2.0)", "sphinx-rtd-theme"]
test = ["contextlib2", "coverage[toml] (>=4.5)", "hypothesis (>=4.0)", "mock (>=4)", "pytest (>=7.0)", "pytest-mock (>=3.6.1)", "trustme", "uvloop (<0.15)", "uvloop (>=0.15)"]
trio = ["trio (>=0.16,<0.22)"]

[[package]]
name = "certifi"
version = "2022.12.7"
description = "Python package for providing Mozilla's CA Bundle."
category = "main"
optional = false
python-versions = ">=3.6"

[[package]]
name = "h11"
version = "0.14.0"
description = "A pure-Python, bring-your-own-I/O implementation of HTTP/1.1"
category = "main"
optional = false
python-versions = ">=3.7"

[[package]]
name = "httpcore"
version = "0.16.2"
description = "A minimal low-level HTTP client."
category = "main"
optional = false
python-versions = ">=3.7"

[package.dependencies]
anyio = ">=3.0,<5.0"
certifi = "*"
h11 = ">=0.13,<0.15"
sniffio = ">=1.0.0,<2.0.0"

[package.extras]
http2 = ["h2 (>=3,<5)"]
socks = ["socksio (>=1.0.0,<2.0.0)"]

[[package]]
name = "httpx"
version = "0.23.1"
description = "The next generation HTTP client."
category = "main"
optional = false
python-versions = ">=3.7"

[package.dependencies]
certifi = "*"
httpcore = ">=0.15.0,<0.17.0"
rfc3986 = {version = ">=1.3,<2", extras = ["idna2008"]}
sniffio = "*"

[package.extras]
brotli = ["brotli", "brotlicffi"]
cli = ["click (>=8.0.0,<9.0.0)", "pygments (>=2.0.0,<3.0.0)", "rich (>=10,<13)"]
http2 = ["h2 (>=3,<5)"]
socks = ["socksio (>=1.0.0,<2.0.0)"]

[[package]]
name = "idna"
version = "3.4"
description = "Internationalized Domain Names in Applications (IDNA)"
category = "main"
optional = false
python-versions = ">=3.5"

[[package]]
name = "indexed-bzip2"
version = "1.4.0"
description = "Fast random access to bzip2 files"
category = "main"
optional = false
python-versions = ">=3.6"

[[package]]
name = "python-telegram-bot"
version = "20.0b0"
description = "We have made you a wrapper you can't refuse"
category = "main"
optional = false
python-versions = ">=3.7"

[package.dependencies]
httpx = ">=0.23.1,<0.24.0"

[package.extras]
all = ["APScheduler (>=3.9.1,<3.10.0)", "aiolimiter (>=1.0.0,<1.1.0)", "cachetools (>=5.2.0,<5.3.0)", "cryptography (>=3.0,!=3.4,!=3.4.1,!=3.4.2,!=3.4.3)", "httpx[socks]", "pytz (>=2018.6)", "tornado (>=6.2,<7.0)"]
callback-data = ["cachetools (>=5.2.0,<5.3.0)"]
ext = ["APScheduler (>=3.9.1,<3.10.0)", "aiolimiter (>=1.0.0,<1.1.0)", "cachetools (>=5.2.0,<5.3.0)", "pytz (>=2018.6)", "tornado (>=6.2,<7.0)"]
job-queue = ["APScheduler (>=3.9.1,<3.10.0)", "pytz (>=2018.6)"]
passport = ["cryptography (>=3.0,!=3.4,!=3.4.1,!=3.4.2,!=3.4.3)"]
rate-limiter = ["aiolimiter (>=1.0.0,<1.1.0)"]
socks = ["httpx[socks]"]
webhooks = ["tornado (>=6.2,<7.0)"]

[[package]]
name = "rfc3986"
version = "1.5.0"
description = "Validating URI References per RFC 3986"
category = "main"
optional = false
python-versions = "*"

[package.dependencies]
idna = {version = "*", optional = true, markers = "extra == \"idna2008\""}

[package.extras]
idna2008 = ["idna"]

[[package]]
name = "sniffio"
version = "1.3.0"
description = "Sniff out which async library your code is running under"
category = "main"
optional = false
python-versions = ">=3.7"

[metadata]
lock-version = "1.1"
python-versions = "^3.11"
content-hash = "ce61d97359bbb8fe1ba2422fcce36821edc14a01217a1ea449e48a9ce8685352"

[metadata.files]
anyio = [
    {file = "anyio-3.6.2-py3-none-any.whl", hash = "sha256:fbbe32bd270d2a2ef3ed1c5d45041250284e31fc0a4df4a5a6071842051a51e3"},
    {file = "anyio-3.6.2.tar.gz", hash = "sha256:25ea0d673ae30af41a0c442f81cf3b38c7e79fdc7b60335a4c14e05eb0947421"},
]
certifi = [
    {file = "certifi-2022.12.7-py3-none-any.whl", hash = "sha256:4ad3232f5e926d6718ec31cfc1fcadfde020920e278684144551c91769c7bc18"},
    {file = "certifi-2022.12.7.tar.gz", hash = "sha256:35824b4c3a97115964b408844d64aa14db1cc518f6562e8d7261699d1350a9e3"},
]
h11 = [
    {file = "h11-0.14.0-py3-none-any.whl", hash = "sha256:e3fe4ac4b851c468cc8363d500db52c2ead036020723024a109d37346efaa761"},
    {file = "h11-0.14.0.tar.gz", hash = "sha256:8f19fbbe99e72420ff35c00b27a34cb9937e902a8b810e2c88300c6f0a3b699d"},
]
httpcore = [
    {file = "httpcore-0.16.2-py3-none-any.whl", hash = "sha256:52c79095197178856724541e845f2db86d5f1527640d9254b5b8f6f6cebfdee6"},
    {file = "httpcore-0.16.2.tar.gz", hash = "sha256:c35c5176dc82db732acfd90b581a3062c999a72305df30c0fc8fafd8e4aca068"},
]
httpx = [
    {file = "httpx-0.23.1-py3-none-any.whl", hash = "sha256:0b9b1f0ee18b9978d637b0776bfd7f54e2ca278e063e3586d8f01cda89e042a8"},
    {file = "httpx-0.23.1.tar.gz", hash = "sha256:202ae15319be24efe9a8bd4ed4360e68fde7b38bcc2ce87088d416f026667d19"},
]
idna = [
    {file = "idna-3.4-py3-none-any.whl", hash = "sha256:90b77e79eaa3eba6de819a0c442c0b4ceefc341a7a2ab77d7562bf49f425c5c2"},
    {file = "idna-3.4.tar.gz", hash = "sha256:814f528e8dead7d329833b91c5faa87d60bf71824cd12a7530b5526063d02cb4"},
]
indexed-bzip2 = [
    {file = "indexed_bzip2-1.4.0-cp310-cp310-macosx_10_9_x86_64.whl", hash = "sha256:fc0c95f8f1063cde58c73663e8c44f7433c21f2967cfe979c2c7f82036af82a3"},
    {file = "indexed_bzip2-1.4.0-cp310-cp310-manylinux_2_17_i686.manylinux2014_i686.whl", hash = "sha256:f69f5f94ec4e6fd98399d1e91e53787bdcf70b058ec04fa6de99944252a9887c"},
    {file = "indexed_bzip2-1.4.0-cp310-cp310-manylinux_2_17_x86_64.manylinux2014_x86_64.whl", hash = "sha256:0410c6f9a99576516abe45326ee188517b3d8f38f2b486684c742a4afc535b62"},
    {file = "indexed_bzip2-1.4.0-cp310-cp310-manylinux_2_27_x86_64.manylinux_2_28_x86_64.whl", hash = "sha256:b1fcf93795382120f46172699ccfb6e3362abff4adf3a9398e4a6b829c536939"},
    {file = "indexed_bzip2-1.4.0-cp310-cp310-musllinux_1_1_i686.whl", hash = "sha256:8fc2740f4d0665b191be234177f339e7f38b2ea7c3d47e88a93161f34f8f8314"},
    {file = "indexed_bzip2-1.4.0-cp310-cp310-musllinux_1_1_x86_64.whl", hash = "sha256:7371dec3cade5d177f6db23f07b44bdce6c770f83a4b4820b63a05b530b41bbf"},
    {file = "indexed_bzip2-1.4.0-cp310-cp310-win_amd64.whl", hash = "sha256:828d0c7bf3d42acf73c81d726364e7dcac8e0560d93e2fb86fdf1880c24f7d7e"},
    {file = "indexed_bzip2-1.4.0-cp311-cp311-macosx_10_9_x86_64.whl", hash = "sha256:32e4382277d39d426fa64ca8cbefdd5a9b134d310e9989a5bf65616c3b8e0df1"},
    {file = "indexed_bzip2-1.4.0-cp311-cp311-manylinux_2_17_i686.manylinux2014_i686.whl", hash = "sha256:52dcc7f5450f1afd2356e3431db3229ec67f2f6c4dd4417eee7ebee2da25454a"},
    {file = "indexed_bzip2-1.4.0-cp311-cp311-manylinux_2_17_x86_64.manylinux2014_x86_64.whl", hash = "sha256:4bd94721e98b6c195359b2e108bf3c8ee2aa5d100c5e0f3921e73eb6ccfef376"},
    {file = "indexed_bzip2-1.4.0-cp311-cp311-manylinux_2_27_x86_64.manylinux_2_28_x86_64.whl", hash = "sha256:8c51b254dc27d127565976c8855ee7099309491fce23d78b95b519700c1983e7"},
    {file = "indexed_bzip2-1.4.0-cp311-cp311-musllinux_1_1_i686.whl", hash = "sha256:fc810713e624ba335963bb20108a5202013185fbfcd7a7ed3151dd0d8b74dcbc"},
    {file = "indexed_bzip2-1.4.0-cp311-cp311-musllinux_1_1_x86_64.whl", hash = "sha256:b33402b6225116f006113b6aa762c0ac221382e47d0768ea2d21ff907cc2158d"},
    {file = "indexed_bzip2-1.4.0-cp311-cp311-win_amd64.whl", hash = "sha256:713d2121bfe1aa5e512360f04b3f6fedce1055f9c26b6bfe0dc2f8918cdf07e4"},
    {file = "indexed_bzip2-1.4.0-cp36-cp36m-macosx_10_9_x86_64.whl", hash = "sha256:1bc3846748c13b6dfd200909ecd6be0e43f8ff3cbd02da8512f8c0e3a3671d89"},
    {file = "indexed_bzip2-1.4.0-cp36-cp36m-manylinux_2_17_i686.manylinux2014_i686.whl", hash = "sha256:9a3bc81311ae746cb289d736a7a5e70877c2231af2c4b4f4457771ef2d304d19"},
    {file = "indexed_bzip2-1.4.0-cp36-cp36m-manylinux_2_17_x86_64.manylinux2014_x86_64.whl", hash = "sha256:a2b9b031424eda5e70afd5bd64de4822ae79a6d2811eda6878b8b903712f64d6"},
    {file = "indexed_bzip2-1.4.0-cp36-cp36m-manylinux_2_27_x86_64.manylinux_2_28_x86_64.whl", hash = "sha256:9390bab9e7ac0c3b35cb2c7b4c11bab76388372dd92f6433b5aeb85c1024f43c"},
    {file = "indexed_bzip2-1.4.0-cp36-cp36m-musllinux_1_1_i686.whl", hash = "sha256:67700be821cda09d82daf9e0eec6abbd7a2f4c65af0e45c6c046189028fa644a"},
    {file = "indexed_bzip2-1.4.0-cp36-cp36m-musllinux_1_1_x86_64.whl", hash = "sha256:3f28730a8535bb4360aec4819e3dadecd437ec4aea1c599119a57edc2a1c36e7"},
    {file = "indexed_bzip2-1.4.0-cp36-cp36m-win_amd64.whl", hash = "sha256:cba4eeb254d2ea216314bff9cfbceb1fc753844ec2bb0631d95036dab4016dce"},
    {file = "indexed_bzip2-1.4.0-cp37-cp37m-macosx_10_9_x86_64.whl", hash = "sha256:30e473d9b8d7220207684d3cc38b669ba16dce79499c5129d52467da833b74a4"},
    {file = "indexed_bzip2-1.4.0-cp37-cp37m-manylinux_2_17_i686.manylinux2014_i686.whl", hash = "sha256:df520e79e1cf1b93023625d558eb5c9399d455cfc402e01cfb8c8ad703e2a32c"},
    {file = "indexed_bzip2-1.4.0-cp37-cp37m-manylinux_2_17_x86_64.manylinux2014_x86_64.whl", hash = "sha256:71847758a3cda2344722c4108ef4eaea195ffa028f7f4212dc7d716c58e122cb"},
    {file = "indexed_bzip2-1.4.0-cp37-cp37m-manylinux_2_27_x86_64.manylinux_2_28_x86_64.whl", hash = "sha256:7e7c65013a544517bc85ec9f7d88494a205d2877369e10e745babf5c7c5718c9"},
    {file = "indexed_bzip2-1.4.0-cp37-cp37m-musllinux_1_1_i686.whl", hash = "sha256:d2900cc197928bccb37ff58e93dc5a6ab9e044fa3079362268511fa4553b11cd"},
    {file = "indexed_bzip2-1.4.0-cp37-cp37m-musllinux_1_1_x86_64.whl", hash = "sha256:bad5d26df19a5e36096c5bd50f86da52c1fd81b3f2fe174b861aceb5dca96d4c"},
    {file = "indexed_bzip2-1.4.0-cp37-cp37m-win_amd64.whl", hash = "sha256:bca707873b9a87e1629353770b42ae8cffbc748da1c5be01fedcd487cdf9ca78"},
    {file = "indexed_bzip2-1.4.0-cp38-cp38-macosx_10_9_x86_64.whl", hash = "sha256:35916fc7b27fa6ba940c2318f0746949f80b923a80fd16d5a309494be932636d"},
    {file = "indexed_bzip2-1.4.0-cp38-cp38-manylinux_2_17_i686.manylinux2014_i686.whl", hash = "sha256:34381af2181096d1bde1c55501a166ab9247e4cacd01d99bf3e0a772db1ec77d"},
    {file = "indexed_bzip2-1.4.0-cp38-cp38-manylinux_2_17_x86_64.manylinux2014_x86_64.whl", hash = "sha256:31652f7a98e1cc51d392377f852b4cf60dd9eae8da30e1a68a55a20af6853927"},
    {file = "indexed_bzip2-1.4.0-cp38-cp38-manylinux_2_27_x86_64.manylinux_2_28_x86_64.whl", hash = "sha256:8b8ba745cd578314d43354d358bb433d1a46bbdc5b9f474cdec41ad703a2dc84"},
    {file = "indexed_bzip2-1.4.0-cp38-cp38-musllinux_1_1_i686.whl", hash = "sha256:e9501552b9a0dfd01bbccfc0b02a703f3ac62ebb898c59e9aec13304e5556682"},
    {file = "indexed_bzip2-1.4.0-cp38-cp38-musllinux_1_1_x86_64.whl", hash = "sha256:8480333ba8c3e906198c1d2e3cc53616e82c8617fe5786fb95c12af932134016"},
    {file = "indexed_bzip2-1.4.0-cp38-cp38-win_amd64.whl", hash = "sha256:09c3053938d2f20e8a2072c8ff6cea034ab47cbbec678a9b4d21549a28ae4dae"},
    {file = "indexed_bzip2-1.4.0-cp39-cp39-macosx_10_9_x86_64.whl", hash = "sha256:ffac28de0f310a6fb4acf7e6b090d06da34ac9ef42abc088a7e0b59d9a4af2f1"},
    {file = "indexed_bzip2-1.4.0-cp39-cp39-manylinux_2_17_i686.manylinux2014_i686.whl", hash = "sha256:386ad114d88a99f4ed3dc44639c46d54456323d5c930129da59e3448d8441ce0"},
    {file = "indexed_bzip2-1.4.0-cp39-cp39-manylinux_2_17_x86_64.manylinux2014_x86_64.whl", hash = "sha256:6f60ceb664e58e68d448b8b8e445acf4cb55a912c9bc236c85b882a334f2ee36"},
    {file = "indexed_bzip2-1.4.0-cp39-cp39-manylinux_2_27_x86_64.manylinux_2_28_x86_64.whl", hash = "sha256:e0dfff9871547d647f13c7304992cc70597e19dccc727d30749ac005db2cf58e"},
    {file = "indexed_bzip2-1.4.0-cp39-cp39-musllinux_1_1_i686.whl", hash = "sha256:d4684c90874aab24a337ca4b1bef700ba8b3315bd43fdd77e53f757fd1aa7bd2"},
    {file = "indexed_bzip2-1.4.0-cp39-cp39-musllinux_1_1_x86_64.whl", hash = "sha256:4e47a17fbb9d882208125dfd7d140c172c95bb62f65c765665a066dd17338582"},
    {file = "indexed_bzip2-1.4.0-cp39-cp39-win_amd64.whl", hash = "sha256:5f8c301e93cb6eedab7c8450010f37acf067f44d5be80fc5a5cfaa5408d806ec"},
    {file = "indexed_bzip2-1.4.0-pp37-pypy37_pp73-macosx_10_9_x86_64.whl", hash = "sha256:5d07368d77f2a79d92629cb41d73144fac11d3cf34b7e69ece6564d5b05def55"},
    {file = "indexed_bzip2-1.4.0-pp37-pypy37_pp73-manylinux_2_17_i686.manylinux2014_i686.whl", hash = "sha256:01283c8154b164a4e875a29dc868df0336c39517991d44fba1ad4e4192e8155a"},
    {file = "indexed_bzip2-1.4.0-pp37-pypy37_pp73-manylinux_2_17_x86_64.manylinux2014_x86_64.whl", hash = "sha256:7b39d1375304d1662aa6b446707647fae77a490f86d29084bfadb0111c5f4ddd"},
    {file = "indexed_bzip2-1.4.0-pp37-pypy37_pp73-manylinux_2_27_x86_64.manylinux_2_28_x86_64.whl", hash = "sha256:09bf04d4f9e51f6d62fca02df1aeff9b3c4578381cd5e9faad4439b58caf7dd0"},
    {file = "indexed_bzip2-1.4.0-pp37-pypy37_pp73-win_amd64.whl", hash = "sha256:66137f1bfd9f8a92aa5fd372b673981338cf549244a04b142d5ea85e78975766"},
    {file = "indexed_bzip2-1.4.0-pp38-pypy38_pp73-macosx_10_9_x86_64.whl", hash = "sha256:855c3fb27f337771f18946ab87c20579e4d15c96f15a5869c6f93f057da2e15e"},
    {file = "indexed_bzip2-1.4.0-pp38-pypy38_pp73-manylinux_2_17_i686.manylinux2014_i686.whl", hash = "sha256:5dc27344d8bc32a4cbabcf6d956eaa032a971d6045fa4e0a56686508338114b1"},
    {file = "indexed_bzip2-1.4.0-pp38-pypy38_pp73-manylinux_2_17_x86_64.manylinux2014_x86_64.whl", hash = "sha256:0516fcda54b2b145d65161b1c72d502455209027443ffe4cda05b7839f1b7228"},
    {file = "indexed_bzip2-1.4.0-pp38-pypy38_pp73-manylinux_2_27_x86_64.manylinux_2_28_x86_64.whl", hash = "sha256:a4c3fd34e0024428844eae7de7cb3704f9cb8994e079c108860a02e606ede5d0"},
    {file = "indexed_bzip2-1.4.0-pp38-pypy38_pp73-win_amd64.whl", hash = "sha256:ec502a6b40492042f7860ad70c1052e2420747e7e30b50427576d3a6c2d2f592"},
    {file = "indexed_bzip2-1.4.0-pp39-pypy39_pp73-macosx_10_9_x86_64.whl", hash = "sha256:fb53ce917baef39ea546f922d80da8b69e04eb95d4c638d4a43c4c82564ba75b"},
    {file = "indexed_bzip2-1.4.0-pp39-pypy39_pp73-manylinux_2_17_i686.manylinux2014_i686.whl", hash = "sha256:7f30289054dd441438f98f5e4a8243b094361acc5d4076d5b68a99046acdee77"},
    {file = "indexed_bzip2-1.4.0-pp39-pypy39_pp73-manylinux_2_17_x86_64.manylinux2014_x86_64.whl", hash = "sha256:80c232650e83f575aa2e911d6c2730fb58a2091a44dd96f0f8dac71fd7726b75"},
    {file = "indexed_bzip2-1.4.0-pp39-pypy39_pp73-manylinux_2_27_x86_64.manylinux_2_28_x86_64.whl", hash = "sha256:216a822d1a7c7363f0242dbc4d27aefe7080eadaa69f589fcf3b173c850cef1e"},
    {file = "indexed_bzip2-1.4.0-pp39-pypy39_pp73-win_amd64.whl", hash = "sha256:9b061f7af8ed6860afdda60c983add4fcee3be57c8bd62c865a0c8d93279e49a"},
    {file = "indexed_bzip2-1.4.0.tar.gz", hash = "sha256:3b02216a5c49d228595afed418b978de5b7bed314e594ee60a75b1a91a9431ce"},
]
python-telegram-bot = [
    {file = "python-telegram-bot-20.0b0.tar.gz", hash = "sha256:61e8c4d92d4641391d853d9431c8b0b1f21678a0bff8d990bc6de777f53f843e"},
    {file = "python_telegram_bot-20.0b0-py3-none-any.whl", hash = "sha256:70dec236386a809f777d0227117fb37fa4f5ca0c367a4c392d28346657749687"},
]
rfc3986 = [
    {file = "rfc3986-1.5.0-py2.py3-none-any.whl", hash = "sha256:a86d6e1f5b1dc238b218b012df0aa79409667bb209e58da56d0b94704e712a97"},
    {file = "rfc3986-1.5.0.tar.gz", hash = "sha256:270aaf10d87d0d4e095063c65bf3ddbc6ee3d0b226328ce21e036f946e421835"},
]
sniffio = [
    {file = "sniffio-1.3.0-py3-none-any.whl", hash = "sha256:eecefdce1e5bbfb7ad2eeaabf7c1eeb404d7757c379bd1f7e5cce9d8bf425384"},
    {file = "sniffio-1.3.0.tar.gz", hash = "sha256:e60305c5e5d314f5389259b7f22aaa33d8f7dee49763119234af3755c55b9101"},
]
